
Microsoft Visual Studio Solution File, Format Version 12.00
# Visual Studio Version 16
VisualStudioVersion = 16.0.29728.190
MinimumVisualStudioVersion = 10.0.40219.1
Project("{FAE04EC0-301F-11D3-BF4B-00C04F79EFBC}") = "Vidly2", "Vidly2\Vidly2.csproj", "{285D0958-A093-4C4A-AFD8-4F0C1009D8A5}"
EndProject
Global
	GlobalSection(SolutionConfigurationPlatforms) = preSolution
		Debug|Any CPU = Debug|Any CPU
		Release|Any CPU = Release|Any CPU
	EndGlobalSection
	GlobalSection(ProjectConfigurationPlatforms) = postSolution
		{285D0958-A093-4C4A-AFD8-4F0C1009D8A5}.Debug|Any CPU.ActiveCfg = Debug|Any CPU
		{285D0958-A093-4C4A-AFD8-4F0C1009D8A5}.Debug|Any CPU.Build.0 = Debug|Any CPU
		{285D0958-A093-4C4A-AFD8-4F0C1009D8A5}.Release|Any CPU.ActiveCfg = Release|Any CPU
		{285D0958-A093-4C4A-AFD8-4F0C1009D8A5}.Release|Any CPU.Build.0 = Release|Any CPU
	EndGlobalSection
	GlobalSection(SolutionProperties) = preSolution
		HideSolutionNode = FALSE
	EndGlobalSection
	GlobalSection(ExtensibilityGlobals) = postSolution
		SolutionGuid = {1485C3EF-7EA0-4394-964F-6A3690D57A81}
	EndGlobalSection
EndGlobal
